
Microsoft Visual Studio Solution File, Format Version 12.00
# Visual Studio 2013
VisualStudioVersion = 12.0.21005.1
MinimumVisualStudioVersion = 10.0.40219.1
Project("{FAE04EC0-301F-11D3-BF4B-00C04F79EFBC}") = "PetHotel", "PetHotel\PetHotel.csproj", "{C7020938-72A5-43B6-B165-9C6279A5744F}"
EndProject
Project("{FAE04EC0-301F-11D3-BF4B-00C04F79EFBC}") = "FoodManiacsApp", "..\..\FoodManiacs\FoodManiacsApp\FoodManiacsApp\FoodManiacsApp.csproj", "{97F2B9D1-F308-4F08-AA7F-4559C6622E85}"
EndProject
Project("{FAE04EC0-301F-11D3-BF4B-00C04F79EFBC}") = "Routing", "..\..\Routing\Routing\Routing.csproj", "{35854495-D649-44FF-B5E0-8D6E2927E5E9}"
EndProject
Project("{FAE04EC0-301F-11D3-BF4B-00C04F79EFBC}") = "ViewModel", "ViewModel\ViewModel.csproj", "{C22223ED-0D47-40BB-9364-B396F8B31FAF}"
EndProject
Project("{FAE04EC0-301F-11D3-BF4B-00C04F79EFBC}") = "Layout", "Layout\Layout.csproj", "{37968680-C0B1-4E3A-831E-BFBA89069A92}"
EndProject
Global
	GlobalSection(SolutionConfigurationPlatforms) = preSolution
		Debug|Any CPU = Debug|Any CPU
		Release|Any CPU = Release|Any CPU
	EndGlobalSection
	GlobalSection(ProjectConfigurationPlatforms) = postSolution
		{C7020938-72A5-43B6-B165-9C6279A5744F}.Debug|Any CPU.ActiveCfg = Debug|Any CPU
		{C7020938-72A5-43B6-B165-9C6279A5744F}.Debug|Any CPU.Build.0 = Debug|Any CPU
		{C7020938-72A5-43B6-B165-9C6279A5744F}.Release|Any CPU.ActiveCfg = Release|Any CPU
		{C7020938-72A5-43B6-B165-9C6279A5744F}.Release|Any CPU.Build.0 = Release|Any CPU
		{97F2B9D1-F308-4F08-AA7F-4559C6622E85}.Debug|Any CPU.ActiveCfg = Debug|Any CPU
		{97F2B9D1-F308-4F08-AA7F-4559C6622E85}.Debug|Any CPU.Build.0 = Debug|Any CPU
		{97F2B9D1-F308-4F08-AA7F-4559C6622E85}.Release|Any CPU.ActiveCfg = Release|Any CPU
		{97F2B9D1-F308-4F08-AA7F-4559C6622E85}.Release|Any CPU.Build.0 = Release|Any CPU
		{35854495-D649-44FF-B5E0-8D6E2927E5E9}.Debug|Any CPU.ActiveCfg = Debug|Any CPU
		{35854495-D649-44FF-B5E0-8D6E2927E5E9}.Debug|Any CPU.Build.0 = Debug|Any CPU
		{35854495-D649-44FF-B5E0-8D6E2927E5E9}.Release|Any CPU.ActiveCfg = Release|Any CPU
		{35854495-D649-44FF-B5E0-8D6E2927E5E9}.Release|Any CPU.Build.0 = Release|Any CPU
		{C22223ED-0D47-40BB-9364-B396F8B31FAF}.Debug|Any CPU.ActiveCfg = Debug|Any CPU
		{C22223ED-0D47-40BB-9364-B396F8B31FAF}.Debug|Any CPU.Build.0 = Debug|Any CPU
		{C22223ED-0D47-40BB-9364-B396F8B31FAF}.Release|Any CPU.ActiveCfg = Release|Any CPU
		{C22223ED-0D47-40BB-9364-B396F8B31FAF}.Release|Any CPU.Build.0 = Release|Any CPU
		{37968680-C0B1-4E3A-831E-BFBA89069A92}.Debug|Any CPU.ActiveCfg = Debug|Any CPU
		{37968680-C0B1-4E3A-831E-BFBA89069A92}.Debug|Any CPU.Build.0 = Debug|Any CPU
		{37968680-C0B1-4E3A-831E-BFBA89069A92}.Release|Any CPU.ActiveCfg = Release|Any CPU
		{37968680-C0B1-4E3A-831E-BFBA89069A92}.Release|Any CPU.Build.0 = Release|Any CPU
	EndGlobalSection
	GlobalSection(SolutionProperties) = preSolution
		HideSolutionNode = FALSE
	EndGlobalSection
EndGlobal
